{
  "requires": true,
  "lockfileVersion": 1,
  "dependencies": {
    "topbar": {
      "version": "0.1.4",
      "resolved": "https://registry.npmjs.org/topbar/-/topbar-0.1.4.tgz",
      "integrity": "sha512-P3n4WnN4GFd2mQXDo30rQmsAGe4V1bVkggtTreSbNyL50Fyc+eVkW5oatSLeGQmJoan2TLIgoXUZypN+6nw4MQ=="
    }
  }
}
